
Microsoft Visual Studio Solution File, Format Version 12.00
# Visual Studio Version 17
VisualStudioVersion = 17.6.33815.320
MinimumVisualStudioVersion = 10.0.40219.1
Project("{FAE04EC0-301F-11D3-BF4B-00C04F79EFBC}") = "OnionCrafter.Wrapper.Response.Base", "src\OnionCrafter.Wrapper.Response.Base\OnionCrafter.Wrapper.Response.Base.csproj", "{599D07EE-873E-4AE8-A560-258DEEB62E82}"
EndProject
Global
	GlobalSection(SolutionConfigurationPlatforms) = preSolution
		Debug|Any CPU = Debug|Any CPU
		Release|Any CPU = Release|Any CPU
	EndGlobalSection
	GlobalSection(ProjectConfigurationPlatforms) = postSolution
		{599D07EE-873E-4AE8-A560-258DEEB62E82}.Debug|Any CPU.ActiveCfg = Debug|Any CPU
		{599D07EE-873E-4AE8-A560-258DEEB62E82}.Debug|Any CPU.Build.0 = Debug|Any CPU
		{599D07EE-873E-4AE8-A560-258DEEB62E82}.Release|Any CPU.ActiveCfg = Release|Any CPU
		{599D07EE-873E-4AE8-A560-258DEEB62E82}.Release|Any CPU.Build.0 = Release|Any CPU
	EndGlobalSection
	GlobalSection(SolutionProperties) = preSolution
		HideSolutionNode = FALSE
	EndGlobalSection
	GlobalSection(ExtensibilityGlobals) = postSolution
		SolutionGuid = {B13C1C41-77C1-4BB8-B866-D84B01917B00}
	EndGlobalSection
EndGlobal
